dependencies:
- name: common
  repository: oci://registry-1.docker.io/bitnamicharts
  version: 2.23.0
- name: postgresql
  repository: oci://registry-1.docker.io/bitnamicharts
  version: 15.5.32
- name: valkey
  repository: oci://registry-1.docker.io/bitnamicharts
  version: 0.3.17
digest: sha256:f2283a174981f5d9335843817022f493235d4135b31366597abd06f6749741fd
generated: "2024-09-18T20:16:07.436740974Z"
